
Microsoft Visual Studio Solution File, Format Version 12.00
# Visual Studio Version 17
VisualStudioVersion = 17.0.31912.275
MinimumVisualStudioVersion = 10.0.40219.1
Project("{FAE04EC0-301F-11D3-BF4B-00C04F79EFBC}") = "ECrun", "ECrun\ECrun.csproj", "{6EEB9923-1EA1-4C3F-BB3C-0D686A94EECF}"
EndProject
Global
	GlobalSection(SolutionConfigurationPlatforms) = preSolution
		Debug|Any CPU = Debug|Any CPU
		Release|Any CPU = Release|Any CPU
	EndGlobalSection
	GlobalSection(ProjectConfigurationPlatforms) = postSolution
		{6EEB9923-1EA1-4C3F-BB3C-0D686A94EECF}.Debug|Any CPU.ActiveCfg = Debug|Any CPU
		{6EEB9923-1EA1-4C3F-BB3C-0D686A94EECF}.Debug|Any CPU.Build.0 = Debug|Any CPU
		{6EEB9923-1EA1-4C3F-BB3C-0D686A94EECF}.Release|Any CPU.ActiveCfg = Release|Any CPU
		{6EEB9923-1EA1-4C3F-BB3C-0D686A94EECF}.Release|Any CPU.Build.0 = Release|Any CPU
	EndGlobalSection
	GlobalSection(SolutionProperties) = preSolution
		HideSolutionNode = FALSE
	EndGlobalSection
	GlobalSection(ExtensibilityGlobals) = postSolution
		SolutionGuid = {5F69CF96-5CB5-45C2-93BD-6059231B854D}
	EndGlobalSection
EndGlobal
